
Microsoft Visual Studio Solution File, Format Version 12.00
# Visual Studio 2012
Project("{FAE04EC0-301F-11D3-BF4B-00C04F79EFBC}") = "laba6", "laba6.csproj", "{AA9C9F6F-A852-4158-ACD7-894A82E5F76F}"
EndProject
Global
	GlobalSection(SolutionConfigurationPlatforms) = preSolution
		Debug|x86 = Debug|x86
		Release|x86 = Release|x86
	EndGlobalSection
	GlobalSection(ProjectConfigurationPlatforms) = postSolution
		{AA9C9F6F-A852-4158-ACD7-894A82E5F76F}.Debug|x86.ActiveCfg = Debug|x86
		{AA9C9F6F-A852-4158-ACD7-894A82E5F76F}.Debug|x86.Build.0 = Debug|x86
		{AA9C9F6F-A852-4158-ACD7-894A82E5F76F}.Release|x86.ActiveCfg = Release|x86
		{AA9C9F6F-A852-4158-ACD7-894A82E5F76F}.Release|x86.Build.0 = Release|x86
	EndGlobalSection
EndGlobal
